
Microsoft Visual Studio Solution File, Format Version 12.00
# Visual Studio 14
VisualStudioVersion = 14.0.25420.1
MinimumVisualStudioVersion = 10.0.40219.1
Project("{FAE04EC0-301F-11D3-BF4B-00C04F79EFBC}") = "Pantry", "Pantry\Pantry.csproj", "{F2B9447D-4C9C-4B22-89CA-B74AD709EEBF}"
EndProject
Project("{FAE04EC0-301F-11D3-BF4B-00C04F79EFBC}") = "Pantry.DomainClasses", "Pantry.DomainClasses\Pantry.DomainClasses.csproj", "{91A0039F-8896-4069-9EB7-B8EF2FF871EC}"
EndProject
Project("{FAE04EC0-301F-11D3-BF4B-00C04F79EFBC}") = "Pantry.DataLayer", "Pantry.DataLayer\Pantry.DataLayer.csproj", "{5D998FD9-E28D-4667-A007-8E913A8B56E1}"
EndProject
Global
	GlobalSection(SolutionConfigurationPlatforms) = preSolution
		Debug|Any CPU = Debug|Any CPU
		Release|Any CPU = Release|Any CPU
	EndGlobalSection
	GlobalSection(ProjectConfigurationPlatforms) = postSolution
		{F2B9447D-4C9C-4B22-89CA-B74AD709EEBF}.Debug|Any CPU.ActiveCfg = Debug|Any CPU
		{F2B9447D-4C9C-4B22-89CA-B74AD709EEBF}.Debug|Any CPU.Build.0 = Debug|Any CPU
		{F2B9447D-4C9C-4B22-89CA-B74AD709EEBF}.Release|Any CPU.ActiveCfg = Release|Any CPU
		{F2B9447D-4C9C-4B22-89CA-B74AD709EEBF}.Release|Any CPU.Build.0 = Release|Any CPU
		{91A0039F-8896-4069-9EB7-B8EF2FF871EC}.Debug|Any CPU.ActiveCfg = Debug|Any CPU
		{91A0039F-8896-4069-9EB7-B8EF2FF871EC}.Debug|Any CPU.Build.0 = Debug|Any CPU
		{91A0039F-8896-4069-9EB7-B8EF2FF871EC}.Release|Any CPU.ActiveCfg = Release|Any CPU
		{91A0039F-8896-4069-9EB7-B8EF2FF871EC}.Release|Any CPU.Build.0 = Release|Any CPU
		{5D998FD9-E28D-4667-A007-8E913A8B56E1}.Debug|Any CPU.ActiveCfg = Debug|Any CPU
		{5D998FD9-E28D-4667-A007-8E913A8B56E1}.Debug|Any CPU.Build.0 = Debug|Any CPU
		{5D998FD9-E28D-4667-A007-8E913A8B56E1}.Release|Any CPU.ActiveCfg = Release|Any CPU
		{5D998FD9-E28D-4667-A007-8E913A8B56E1}.Release|Any CPU.Build.0 = Release|Any CPU
	EndGlobalSection
	GlobalSection(SolutionProperties) = preSolution
		HideSolutionNode = FALSE
	EndGlobalSection
EndGlobal
